{
    "_readme": [
        "This file locks the dependencies of your project to a known state",
        "Read more about it at https://getcomposer.org/doc/01-basic-usage.md#composer-lock-the-lock-file",
        "This file is @generated automatically"
    ],
    "hash": "882c2003cd85099daf1fb75107a3b68b",
    "content-hash": "55f5fea137aaf5c28ae3030b6164a573",
    "packages": [
        {
            "name": "devster/uauth",
            "version": "1.0.0",
            "source": {
                "type": "git",
                "url": "https://github.com/devster/uauth.git",
                "reference": "126057a6eb7bfa374ff25f04c35f127a9c857005"
            },
            "dist": {
                "type": "zip",
                "url": "https://api.github.com/repos/devster/uauth/zipball/126057a6eb7bfa374ff25f04c35f127a9c857005",
                "reference": "126057a6eb7bfa374ff25f04c35f127a9c857005",
                "shasum": ""
            },
            "require": {
                "php": ">=5.3"
            },
            "require-dev": {
                "kriswallsmith/buzz": "dev-master",
                "phpunit/phpunit": "3.7.*"
            },
            "type": "library",
            "autoload": {
                "psr-4": {
                    "Uauth\\": "src/"
                }
            },
            "notification-url": "https://packagist.org/downloads/",
            "license": [
                "MIT"
            ],
            "authors": [
                {
                    "name": "Jeremy Perret",
                    "email": "jeremy@devster.org"
                }
            ],
            "description": "Micro PHP HTTP authentication library",
            "homepage": "https://github.com/devster/uauth",
            "keywords": [
                "auth",
                "basic",
                "http",
                "library",
                "micro"
            ],
            "time": "2014-10-12 00:43:57"
        },
        {
            "name": "gregwar/cache",
            "version": "dev-master",
            "target-dir": "Gregwar/Cache",
            "source": {
                "type": "git",
                "url": "https://github.com/Gregwar/Cache.git",
                "reference": "3497a2d"
            },
            "dist": {
                "type": "zip",
                "url": "https://api.github.com/repos/Gregwar/Cache/zipball/3497a2d58298e8c26643f83c2063a3f58078c486",
                "reference": "3497a2d",
                "shasum": ""
            },
            "require": {
                "php": ">=5.3"
            },
            "type": "library",
            "autoload": {
                "psr-0": {
                    "Gregwar\\Cache": ""
                }
            },
            "notification-url": "https://packagist.org/downloads/",
            "license": [
                "MIT"
            ],
            "authors": [
                {
                    "name": "Gregwar",
                    "email": "g.passault@gmail.com"
                }
            ],
            "description": "A lightweight file-system cache system",
            "keywords": [
                "cache",
                "caching",
                "file-system",
                "system"
            ],
            "time": "2015-11-02 15:50:46"
        },
        {
            "name": "gregwar/image",
            "version": "dev-master",
            "target-dir": "Gregwar/Image",
            "source": {
                "type": "git",
                "url": "https://github.com/Gregwar/Image.git",
                "reference": "3dc2675"
            },
            "dist": {
                "type": "zip",
                "url": "https://api.github.com/repos/Gregwar/Image/zipball/3dc2675fd85eecef5338121296b0c822b92d1649",
                "reference": "3dc2675",
                "shasum": ""
            },
            "require": {
                "ext-gd": "*",
                "gregwar/cache": "^1.0.6",
                "php": "^5.3 || ^7.0"
            },
            "require-dev": {
                "sllh/php-cs-fixer-styleci-bridge": "~1.0",
                "symfony/phpunit-bridge": "^2.7.4 || ^3.0"
            },
            "suggest": {
                "behat/transliterator": "Transliterator provides ability to set non-latin1 pretty names"
            },
            "type": "library",
            "autoload": {
                "psr-0": {
                    "Gregwar\\Image": ""
                }
            },
            "notification-url": "https://packagist.org/downloads/",
            "license": [
                "MIT"
            ],
            "authors": [
                {
                    "name": "Grégoire Passault",
                    "email": "g.passault@gmail.com",
                    "homepage": "http://www.gregwar.com/"
                }
            ],
            "description": "Image handling",
            "homepage": "https://github.com/Gregwar/Image",
            "keywords": [
                "gd",
                "image"
            ],
            "time": "2015-12-22 13:06:21"
        },
        {
            "name": "mattyg/array_column_maintain_keys",
            "version": "1.0.1",
            "source": {
                "type": "git",
                "url": "https://github.com/djmattyg007/array_column_maintain_keys.git",
                "reference": "de87d3e916e67903babfef2323ec6f13aedb7e2b"
            },
            "dist": {
                "type": "zip",
                "url": "https://api.github.com/repos/djmattyg007/array_column_maintain_keys/zipball/de87d3e916e67903babfef2323ec6f13aedb7e2b",
                "reference": "de87d3e916e67903babfef2323ec6f13aedb7e2b",
                "shasum": ""
            },
            "type": "library",
            "autoload": {
                "files": [
                    "array_column_maintain_keys.php"
                ]
            },
            "notification-url": "https://packagist.org/downloads/",
            "license": [
                "Unlicense"
            ],
            "description": "A wrapper for array_column that maintains the keys of the original array.",
            "homepage": "https://github.com/djmattyg007/array_column_maintain_keys",
            "keywords": [
                "array",
                "array_column"
            ],
            "time": "2016-01-16 02:20:32"
        },
        {
            "name": "mattyg/fb-privacy-auth",
            "version": "1.0.0",
            "source": {
                "type": "git",
                "url": "https://github.com/djmattyg007/fb-privacy-auth.git",
                "reference": "eaf800c48bf0effad388343b20f521faf35b283b"
            },
            "dist": {
                "type": "zip",
                "url": "https://api.github.com/repos/djmattyg007/fb-privacy-auth/zipball/eaf800c48bf0effad388343b20f521faf35b283b",
                "reference": "eaf800c48bf0effad388343b20f521faf35b283b",
                "shasum": ""
            },
            "require": {
                "php": "~5.6.0|~7.0.0"
            },
            "require-dev": {
                "mattyg/array_column_maintain_keys": "~1.0"
            },
            "type": "library",
            "autoload": {
                "psr-4": {
                    "MattyG\\FBPrivacyAuth\\": "src"
                }
            },
            "notification-url": "https://packagist.org/downloads/",
            "license": [
                "Unlicense"
            ],
            "description": "Implement authorisation checks based on the model Facebook uses for privacy controls for content (simple users and groups system).",
            "homepage": "https://github.com/djmattyg007/fb-privacy-auth",
            "keywords": [
                "Users",
                "acl",
                "auth",
                "authorisation",
                "authorization",
                "groups",
                "privacy"
            ],
            "time": "2016-01-16 03:22:22"
        },
        {
            "name": "symfony/finder",
            "version": "v3.0.1",
            "source": {
                "type": "git",
                "url": "https://github.com/symfony/finder.git",
                "reference": "8617895eb798b6bdb338321ce19453dc113e5675"
            },
            "dist": {
                "type": "zip",
                "url": "https://api.github.com/repos/symfony/finder/zipball/8617895eb798b6bdb338321ce19453dc113e5675",
                "reference": "8617895eb798b6bdb338321ce19453dc113e5675",
                "shasum": ""
            },
            "require": {
                "php": ">=5.5.9"
            },
            "type": "library",
            "extra": {
                "branch-alias": {
                    "dev-master": "3.0-dev"
                }
            },
            "autoload": {
                "psr-4": {
                    "Symfony\\Component\\Finder\\": ""
                },
                "exclude-from-classmap": [
                    "/Tests/"
                ]
            },
            "notification-url": "https://packagist.org/downloads/",
            "license": [
                "MIT"
            ],
            "authors": [
                {
                    "name": "Fabien Potencier",
                    "email": "fabien@symfony.com"
                },
                {
                    "name": "Symfony Community",
                    "homepage": "https://symfony.com/contributors"
                }
            ],
            "description": "Symfony Finder Component",
            "homepage": "https://symfony.com",
            "time": "2015-12-05 11:13:14"
        }
    ],
    "packages-dev": [],
    "aliases": [
        {
            "alias": "1.0.x-dev",
            "alias_normalized": "1.0.9999999.9999999-dev",
            "version": "9999999-dev",
            "package": "gregwar/cache"
        }
    ],
    "minimum-stability": "stable",
    "stability-flags": {
        "gregwar/image": 20,
        "gregwar/cache": 20
    },
    "prefer-stable": false,
    "prefer-lowest": false,
    "platform": [],
    "platform-dev": []
}
