{
    "_readme": [
        "This file locks the dependencies of your project to a known state",
        "Read more about it at https://getcomposer.org/doc/01-basic-usage.md#composer-lock-the-lock-file",
        "This file is @generated automatically"
    ],
    "hash": "cf797bf30a32fcb250ceaefb1cd4a58e",
    "content-hash": "f7eb0a5954b54e55128681e6801a4686",
    "packages": [
        {
            "name": "devster/uauth",
            "version": "1.1.0",
            "source": {
                "type": "git",
                "url": "https://github.com/devster/uauth.git",
                "reference": "f8a9ea2da7ce40a04b4619a7eabd36b32ca0454a"
            },
            "dist": {
                "type": "zip",
                "url": "https://api.github.com/repos/devster/uauth/zipball/f8a9ea2da7ce40a04b4619a7eabd36b32ca0454a",
                "reference": "f8a9ea2da7ce40a04b4619a7eabd36b32ca0454a",
                "shasum": ""
            },
            "require": {
                "php": ">=5.3"
            },
            "require-dev": {
                "kriswallsmith/buzz": "dev-master",
                "phpunit/phpunit": "3.7.*"
            },
            "type": "library",
            "autoload": {
                "psr-4": {
                    "Uauth\\": "src/"
                }
            },
            "notification-url": "https://packagist.org/downloads/",
            "license": [
                "MIT"
            ],
            "authors": [
                {
                    "name": "Jeremy Perret",
                    "email": "jeremy@devster.org"
                }
            ],
            "description": "Micro PHP HTTP authentication library",
            "homepage": "https://github.com/devster/uauth",
            "keywords": [
                "auth",
                "basic",
                "http",
                "library",
                "micro"
            ],
            "time": "2016-02-13 14:32:47"
        },
        {
            "name": "dflydev/apache-mime-types",
            "version": "v1.0.1",
            "source": {
                "type": "git",
                "url": "https://github.com/dflydev/dflydev-apache-mime-types.git",
                "reference": "f30a57e59b7476e4c5270b6a0727d79c9c0eb861"
            },
            "dist": {
                "type": "zip",
                "url": "https://api.github.com/repos/dflydev/dflydev-apache-mime-types/zipball/f30a57e59b7476e4c5270b6a0727d79c9c0eb861",
                "reference": "f30a57e59b7476e4c5270b6a0727d79c9c0eb861",
                "shasum": ""
            },
            "require": {
                "php": ">=5.3"
            },
            "require-dev": {
                "twig/twig": "1.*"
            },
            "type": "library",
            "extra": {
                "branch-alias": {
                    "dev-master": "1.0-dev"
                }
            },
            "autoload": {
                "psr-0": {
                    "Dflydev\\ApacheMimeTypes": "src"
                }
            },
            "notification-url": "https://packagist.org/downloads/",
            "license": [
                "MIT"
            ],
            "authors": [
                {
                    "name": "Dragonfly Development Inc.",
                    "email": "info@dflydev.com",
                    "homepage": "http://dflydev.com"
                },
                {
                    "name": "Beau Simensen",
                    "email": "beau@dflydev.com",
                    "homepage": "http://beausimensen.com"
                }
            ],
            "description": "Apache MIME Types",
            "keywords": [
                "apache",
                "mime",
                "mimetypes"
            ],
            "time": "2013-05-14 02:02:01"
        },
        {
            "name": "gregwar/cache",
            "version": "v1.0.12",
            "target-dir": "Gregwar/Cache",
            "source": {
                "type": "git",
                "url": "https://github.com/Gregwar/Cache.git",
                "reference": "305d0f5a12c0beecbbd7e1de236f59f39e0c0ac3"
            },
            "dist": {
                "type": "zip",
                "url": "https://api.github.com/repos/Gregwar/Cache/zipball/305d0f5a12c0beecbbd7e1de236f59f39e0c0ac3",
                "reference": "305d0f5a12c0beecbbd7e1de236f59f39e0c0ac3",
                "shasum": ""
            },
            "require": {
                "php": ">=5.3"
            },
            "type": "library",
            "autoload": {
                "psr-0": {
                    "Gregwar\\Cache": ""
                }
            },
            "notification-url": "https://packagist.org/downloads/",
            "license": [
                "MIT"
            ],
            "authors": [
                {
                    "name": "Gregwar",
                    "email": "g.passault@gmail.com"
                }
            ],
            "description": "A lightweight file-system cache system",
            "keywords": [
                "cache",
                "caching",
                "file-system",
                "system"
            ],
            "time": "2016-09-23 08:16:04"
        },
        {
            "name": "gregwar/image",
            "version": "dev-master",
            "target-dir": "Gregwar/Image",
            "source": {
                "type": "git",
                "url": "https://github.com/Gregwar/Image.git",
                "reference": "72568cf"
            },
            "dist": {
                "type": "zip",
                "url": "https://api.github.com/repos/Gregwar/Image/zipball/72568cf",
                "reference": "72568cf",
                "shasum": ""
            },
            "require": {
                "ext-gd": "*",
                "gregwar/cache": "^1.0.6",
                "php": "^5.3 || ^7.0"
            },
            "require-dev": {
                "sllh/php-cs-fixer-styleci-bridge": "~1.0",
                "symfony/phpunit-bridge": "^2.7.4 || ^3.0"
            },
            "suggest": {
                "behat/transliterator": "Transliterator provides ability to set non-latin1 pretty names"
            },
            "type": "library",
            "autoload": {
                "psr-0": {
                    "Gregwar\\Image": ""
                }
            },
            "notification-url": "https://packagist.org/downloads/",
            "license": [
                "MIT"
            ],
            "authors": [
                {
                    "name": "Grégoire Passault",
                    "email": "g.passault@gmail.com",
                    "homepage": "http://www.gregwar.com/"
                }
            ],
            "description": "Image handling",
            "homepage": "https://github.com/Gregwar/Image",
            "keywords": [
                "gd",
                "image"
            ],
            "time": "2016-07-12 17:02:18"
        },
        {
            "name": "mattyg/array_column_maintain_keys",
            "version": "1.0.1",
            "source": {
                "type": "git",
                "url": "https://github.com/djmattyg007/array_column_maintain_keys.git",
                "reference": "de87d3e916e67903babfef2323ec6f13aedb7e2b"
            },
            "dist": {
                "type": "zip",
                "url": "https://api.github.com/repos/djmattyg007/array_column_maintain_keys/zipball/de87d3e916e67903babfef2323ec6f13aedb7e2b",
                "reference": "de87d3e916e67903babfef2323ec6f13aedb7e2b",
                "shasum": ""
            },
            "type": "library",
            "autoload": {
                "files": [
                    "array_column_maintain_keys.php"
                ]
            },
            "notification-url": "https://packagist.org/downloads/",
            "license": [
                "Unlicense"
            ],
            "description": "A wrapper for array_column that maintains the keys of the original array.",
            "homepage": "https://github.com/djmattyg007/array_column_maintain_keys",
            "keywords": [
                "array",
                "array_column"
            ],
            "time": "2016-01-16 02:20:32"
        },
        {
            "name": "mattyg/fb-privacy-auth",
            "version": "1.0.1",
            "source": {
                "type": "git",
                "url": "https://github.com/djmattyg007/fb-privacy-auth.git",
                "reference": "253f3ba424c70db606a406012f8dcfbe07487932"
            },
            "dist": {
                "type": "zip",
                "url": "https://api.github.com/repos/djmattyg007/fb-privacy-auth/zipball/253f3ba424c70db606a406012f8dcfbe07487932",
                "reference": "253f3ba424c70db606a406012f8dcfbe07487932",
                "shasum": ""
            },
            "require": {
                "php": "~5.6.0|~7.0.0"
            },
            "require-dev": {
                "mattyg/array_column_maintain_keys": "~1.0"
            },
            "type": "library",
            "autoload": {
                "psr-4": {
                    "MattyG\\FBPrivacyAuth\\": "src"
                }
            },
            "notification-url": "https://packagist.org/downloads/",
            "license": [
                "Unlicense"
            ],
            "description": "Implement authorisation checks based on the model Facebook uses for privacy controls for content (simple users and groups system).",
            "homepage": "https://github.com/djmattyg007/fb-privacy-auth",
            "keywords": [
                "Users",
                "acl",
                "auth",
                "authorisation",
                "authorization",
                "groups",
                "privacy"
            ],
            "time": "2016-01-18 09:02:59"
        },
        {
            "name": "mattyg/monolog-cascade",
            "version": "1.0.0",
            "source": {
                "type": "git",
                "url": "https://github.com/djmattyg007/monolog-cascade.git",
                "reference": "d8a9fa52e220eee826affb1c2de9815ec2713b46"
            },
            "dist": {
                "type": "zip",
                "url": "https://api.github.com/repos/djmattyg007/monolog-cascade/zipball/d8a9fa52e220eee826affb1c2de9815ec2713b46",
                "reference": "d8a9fa52e220eee826affb1c2de9815ec2713b46",
                "shasum": ""
            },
            "require": {
                "monolog/monolog": "~1.17",
                "php": ">=5.6.0",
                "symfony/options-resolver": "~2.8"
            },
            "require-dev": {
                "mikey179/vfsstream": "~1.6",
                "phpunit/phpcov": "~3.0",
                "phpunit/phpunit": "~5.2",
                "satooshi/php-coveralls": "~1.0",
                "squizlabs/php_codesniffer": "~2.5"
            },
            "type": "library",
            "autoload": {
                "psr-4": {
                    "MattyG\\MonologCascade\\": "src/"
                }
            },
            "notification-url": "https://packagist.org/downloads/",
            "license": [
                "MIT"
            ],
            "authors": [
                {
                    "name": "Raphaël Antonmattei",
                    "email": "rantonmattei@theorchard.com",
                    "homepage": "https://github.com/rantonmattei"
                },
                {
                    "name": "Matthew Gamble"
                }
            ],
            "description": "Monolog extension to configure multiple loggers in the blink of an eye and access them from anywhere",
            "homepage": "https://github.com/djmattyg007/monolog-cascade",
            "keywords": [
                "cascade",
                "log",
                "logger",
                "monolog",
                "monolog extension",
                "monolog plugin",
                "monolog utils"
            ],
            "time": "2016-02-16 08:38:03"
        },
        {
            "name": "miljar/php-exif",
            "version": "v0.6.1",
            "source": {
                "type": "git",
                "url": "https://github.com/Miljar/php-exif.git",
                "reference": "266c5e37ac7850c8a67653697b1d74fdabbf546e"
            },
            "dist": {
                "type": "zip",
                "url": "https://api.github.com/repos/Miljar/php-exif/zipball/266c5e37ac7850c8a67653697b1d74fdabbf546e",
                "reference": "266c5e37ac7850c8a67653697b1d74fdabbf546e",
                "shasum": ""
            },
            "require": {
                "php": ">=5.3.0"
            },
            "require-dev": {
                "phpmd/phpmd": "~2.2",
                "phpunit/phpunit": "3.7.*",
                "satooshi/php-coveralls": "~0.6",
                "sebastian/phpcpd": "1.4.*@stable",
                "squizlabs/php_codesniffer": "1.4.*@stable"
            },
            "suggest": {
                "lib-exiftool": "Use perl lib exiftool as adapter"
            },
            "type": "library",
            "autoload": {
                "psr-0": {
                    "PHPExif": "lib/"
                }
            },
            "notification-url": "https://packagist.org/downloads/",
            "license": [
                "MIT"
            ],
            "authors": [
                {
                    "name": "Tom Van Herreweghe",
                    "homepage": "http://theanalogguy.be",
                    "role": "Developer"
                }
            ],
            "description": "Object-Oriented EXIF parsing",
            "keywords": [
                "IPTC",
                "exif",
                "exiftool",
                "jpeg",
                "tiff"
            ],
            "time": "2016-07-25 10:05:08"
        },
        {
            "name": "monolog/monolog",
            "version": "1.21.0",
            "source": {
                "type": "git",
                "url": "https://github.com/Seldaek/monolog.git",
                "reference": "f42fbdfd53e306bda545845e4dbfd3e72edb4952"
            },
            "dist": {
                "type": "zip",
                "url": "https://api.github.com/repos/Seldaek/monolog/zipball/f42fbdfd53e306bda545845e4dbfd3e72edb4952",
                "reference": "f42fbdfd53e306bda545845e4dbfd3e72edb4952",
                "shasum": ""
            },
            "require": {
                "php": ">=5.3.0",
                "psr/log": "~1.0"
            },
            "provide": {
                "psr/log-implementation": "1.0.0"
            },
            "require-dev": {
                "aws/aws-sdk-php": "^2.4.9",
                "doctrine/couchdb": "~1.0@dev",
                "graylog2/gelf-php": "~1.0",
                "jakub-onderka/php-parallel-lint": "0.9",
                "php-amqplib/php-amqplib": "~2.4",
                "php-console/php-console": "^3.1.3",
                "phpunit/phpunit": "~4.5",
                "phpunit/phpunit-mock-objects": "2.3.0",
                "ruflin/elastica": ">=0.90 <3.0",
                "sentry/sentry": "^0.13",
                "swiftmailer/swiftmailer": "~5.3"
            },
            "suggest": {
                "aws/aws-sdk-php": "Allow sending log messages to AWS services like DynamoDB",
                "doctrine/couchdb": "Allow sending log messages to a CouchDB server",
                "ext-amqp": "Allow sending log messages to an AMQP server (1.0+ required)",
                "ext-mongo": "Allow sending log messages to a MongoDB server",
                "graylog2/gelf-php": "Allow sending log messages to a GrayLog2 server",
                "mongodb/mongodb": "Allow sending log messages to a MongoDB server via PHP Driver",
                "php-amqplib/php-amqplib": "Allow sending log messages to an AMQP server using php-amqplib",
                "php-console/php-console": "Allow sending log messages to Google Chrome",
                "rollbar/rollbar": "Allow sending log messages to Rollbar",
                "ruflin/elastica": "Allow sending log messages to an Elastic Search server",
                "sentry/sentry": "Allow sending log messages to a Sentry server"
            },
            "type": "library",
            "extra": {
                "branch-alias": {
                    "dev-master": "2.0.x-dev"
                }
            },
            "autoload": {
                "psr-4": {
                    "Monolog\\": "src/Monolog"
                }
            },
            "notification-url": "https://packagist.org/downloads/",
            "license": [
                "MIT"
            ],
            "authors": [
                {
                    "name": "Jordi Boggiano",
                    "email": "j.boggiano@seld.be",
                    "homepage": "http://seld.be"
                }
            ],
            "description": "Sends your logs to files, sockets, inboxes, databases and various web services",
            "homepage": "http://github.com/Seldaek/monolog",
            "keywords": [
                "log",
                "logging",
                "psr-3"
            ],
            "time": "2016-07-29 03:23:52"
        },
        {
            "name": "pekkis/mime-types",
            "version": "v1.0.0",
            "source": {
                "type": "git",
                "url": "https://github.com/pekkis/mime-types.git",
                "reference": "e0760d80c6a2e9f9e60ff3e0b247ed4f73866bba"
            },
            "dist": {
                "type": "zip",
                "url": "https://api.github.com/repos/pekkis/mime-types/zipball/e0760d80c6a2e9f9e60ff3e0b247ed4f73866bba",
                "reference": "e0760d80c6a2e9f9e60ff3e0b247ed4f73866bba",
                "shasum": ""
            },
            "require": {
                "dflydev/apache-mime-types": "~1.0",
                "php": ">=5.5.0"
            },
            "require-dev": {
                "phpunit/phpunit": "~4.0",
                "symfony/http-foundation": "~2.2"
            },
            "suggest": {
                "symfony/http-foundation": "For symfony mime type resolver support"
            },
            "type": "library",
            "autoload": {
                "psr-0": {
                    "Pekkis\\MimeTypes": "library/"
                }
            },
            "notification-url": "https://packagist.org/downloads/",
            "license": [
                "BSD-3-Clause"
            ],
            "authors": [
                {
                    "name": "Mikko Forsström",
                    "email": "puhemies@diktaattoriporssi.com"
                }
            ],
            "description": "Mime type library",
            "keywords": [
                "mime",
                "mime type"
            ],
            "time": "2015-07-27 20:03:55"
        },
        {
            "name": "psr/log",
            "version": "1.0.0",
            "source": {
                "type": "git",
                "url": "https://github.com/php-fig/log.git",
                "reference": "fe0936ee26643249e916849d48e3a51d5f5e278b"
            },
            "dist": {
                "type": "zip",
                "url": "https://api.github.com/repos/php-fig/log/zipball/fe0936ee26643249e916849d48e3a51d5f5e278b",
                "reference": "fe0936ee26643249e916849d48e3a51d5f5e278b",
                "shasum": ""
            },
            "type": "library",
            "autoload": {
                "psr-0": {
                    "Psr\\Log\\": ""
                }
            },
            "notification-url": "https://packagist.org/downloads/",
            "license": [
                "MIT"
            ],
            "authors": [
                {
                    "name": "PHP-FIG",
                    "homepage": "http://www.php-fig.org/"
                }
            ],
            "description": "Common interface for logging libraries",
            "keywords": [
                "log",
                "psr",
                "psr-3"
            ],
            "time": "2012-12-21 11:40:51"
        },
        {
            "name": "symfony/finder",
            "version": "v3.1.3",
            "source": {
                "type": "git",
                "url": "https://github.com/symfony/finder.git",
                "reference": "8201978de88a9fa0923e18601bb17f1df9c721e7"
            },
            "dist": {
                "type": "zip",
                "url": "https://api.github.com/repos/symfony/finder/zipball/8201978de88a9fa0923e18601bb17f1df9c721e7",
                "reference": "8201978de88a9fa0923e18601bb17f1df9c721e7",
                "shasum": ""
            },
            "require": {
                "php": ">=5.5.9"
            },
            "type": "library",
            "extra": {
                "branch-alias": {
                    "dev-master": "3.1-dev"
                }
            },
            "autoload": {
                "psr-4": {
                    "Symfony\\Component\\Finder\\": ""
                },
                "exclude-from-classmap": [
                    "/Tests/"
                ]
            },
            "notification-url": "https://packagist.org/downloads/",
            "license": [
                "MIT"
            ],
            "authors": [
                {
                    "name": "Fabien Potencier",
                    "email": "fabien@symfony.com"
                },
                {
                    "name": "Symfony Community",
                    "homepage": "https://symfony.com/contributors"
                }
            ],
            "description": "Symfony Finder Component",
            "homepage": "https://symfony.com",
            "time": "2016-06-29 05:41:56"
        },
        {
            "name": "symfony/options-resolver",
            "version": "v2.8.11",
            "source": {
                "type": "git",
                "url": "https://github.com/symfony/options-resolver.git",
                "reference": "b6f982782a0624d37b5416c2c96fb99ce5ab74d5"
            },
            "dist": {
                "type": "zip",
                "url": "https://api.github.com/repos/symfony/options-resolver/zipball/b6f982782a0624d37b5416c2c96fb99ce5ab74d5",
                "reference": "b6f982782a0624d37b5416c2c96fb99ce5ab74d5",
                "shasum": ""
            },
            "require": {
                "php": ">=5.3.9"
            },
            "type": "library",
            "extra": {
                "branch-alias": {
                    "dev-master": "2.8-dev"
                }
            },
            "autoload": {
                "psr-4": {
                    "Symfony\\Component\\OptionsResolver\\": ""
                },
                "exclude-from-classmap": [
                    "/Tests/"
                ]
            },
            "notification-url": "https://packagist.org/downloads/",
            "license": [
                "MIT"
            ],
            "authors": [
                {
                    "name": "Fabien Potencier",
                    "email": "fabien@symfony.com"
                },
                {
                    "name": "Symfony Community",
                    "homepage": "https://symfony.com/contributors"
                }
            ],
            "description": "Symfony OptionsResolver Component",
            "homepage": "https://symfony.com",
            "keywords": [
                "config",
                "configuration",
                "options"
            ],
            "time": "2016-06-29 05:29:29"
        }
    ],
    "packages-dev": [],
    "aliases": [],
    "minimum-stability": "stable",
    "stability-flags": {
        "gregwar/image": 20
    },
    "prefer-stable": false,
    "prefer-lowest": false,
    "platform": {
        "php": "~5.6.0|~7.0.0",
        "ext-exif": "*"
    },
    "platform-dev": []
}
